
Microsoft Visual Studio Solution File, Format Version 12.00
Project("{FAE04EC0-301F-11D3-BF4B-00C04F79EFBC}") = "DieUnausstehlichen-Web", "DieUnausstehlichen-Web\DieUnausstehlichen-Web.csproj", "{017FE187-60AD-446F-B813-CE2C0CBBAFEB}"
EndProject
Project("{FAE04EC0-301F-11D3-BF4B-00C04F79EFBC}") = "ExampleMVC", "ExampleMVC\ExampleMVC.csproj", "{0ACD3978-F7FC-4D5A-A0BD-C49C54A27D02}"
EndProject
Global
	GlobalSection(SolutionConfigurationPlatforms) = preSolution
		Debug|Any CPU = Debug|Any CPU
		Release|Any CPU = Release|Any CPU
	EndGlobalSection
	GlobalSection(ProjectConfigurationPlatforms) = postSolution
		{017FE187-60AD-446F-B813-CE2C0CBBAFEB}.Debug|Any CPU.ActiveCfg = Debug|Any CPU
		{017FE187-60AD-446F-B813-CE2C0CBBAFEB}.Debug|Any CPU.Build.0 = Debug|Any CPU
		{017FE187-60AD-446F-B813-CE2C0CBBAFEB}.Release|Any CPU.ActiveCfg = Release|Any CPU
		{017FE187-60AD-446F-B813-CE2C0CBBAFEB}.Release|Any CPU.Build.0 = Release|Any CPU
		{0ACD3978-F7FC-4D5A-A0BD-C49C54A27D02}.Debug|Any CPU.ActiveCfg = Debug|Any CPU
		{0ACD3978-F7FC-4D5A-A0BD-C49C54A27D02}.Debug|Any CPU.Build.0 = Debug|Any CPU
		{0ACD3978-F7FC-4D5A-A0BD-C49C54A27D02}.Release|Any CPU.ActiveCfg = Release|Any CPU
		{0ACD3978-F7FC-4D5A-A0BD-C49C54A27D02}.Release|Any CPU.Build.0 = Release|Any CPU
	EndGlobalSection
EndGlobal
